// !$*UTF8*$!
{
	archiveVersion = 1;
	classes = {
	};
	objectVersion = 55;
	objects = {

/* Begin PBXBuildFile section */
		F559348B28BE455D0043B1CD /* Main.storyboard in Resources */ = {isa = PBXBuildFile; fileRef = F559348928BE455D0043B1CD /* Main.storyboard */; };
		F559348D28BE455E0043B1CD /* Assets.xcassets in Resources */ = {isa = PBXBuildFile; fileRef = F559348C28BE455E0043B1CD /* Assets.xcassets */; };
		F559349028BE455E0043B1CD /* LaunchScreen.storyboard in Resources */ = {isa = PBXBuildFile; fileRef = F559348E28BE455E0043B1CD /* LaunchScreen.storyboard */; };
		F55934DA28BF565F0043B1CD /* WorkoutsViewController.swift in Sources */ = {isa = PBXBuildFile; fileRef = F55934D628BF565F0043B1CD /* WorkoutsViewController.swift */; };
		F56CC840298181A3003FAC1B /* Workout.xcdatamodeld in Sources */ = {isa = PBXBuildFile; fileRef = F56CC83E298181A3003FAC1B /* Workout.xcdatamodeld */; };
		F56CC85829843D8B003FAC1B /* DataManager.swift in Sources */ = {isa = PBXBuildFile; fileRef = F56CC85729843D8B003FAC1B /* DataManager.swift */; };
		F5B16ADD28C9FE0600536B75 /* WorkoutTableViewCell.swift in Sources */ = {isa = PBXBuildFile; fileRef = F5B16ADB28C9FE0600536B75 /* WorkoutTableViewCell.swift */; };
		F5B16AE928CBD22700536B75 /* SceneDelegate.swift in Sources */ = {isa = PBXBuildFile; fileRef = F5B16AE828CBD22700536B75 /* SceneDelegate.swift */; };
		F5B16AEB28CBD23400536B75 /* AppDelegate.swift in Sources */ = {isa = PBXBuildFile; fileRef = F5B16AEA28CBD23400536B75 /* AppDelegate.swift */; };
		F5B16AF028CBD27B00536B75 /* ExcerciseModel.swift in Sources */ = {isa = PBXBuildFile; fileRef = F5B16AEC28CBD27B00536B75 /* ExcerciseModel.swift */; };
		F5B16AF128CBD27B00536B75 /* WorkoutModel.swift in Sources */ = {isa = PBXBuildFile; fileRef = F5B16AED28CBD27B00536B75 /* WorkoutModel.swift */; };
		F5B16AF328CBD27B00536B75 /* DatabaseDefaults.swift in Sources */ = {isa = PBXBuildFile; fileRef = F5B16AEF28CBD27B00536B75 /* DatabaseDefaults.swift */; };
		F5B5DA3028C695C50092FD19 /* ExcercisesViewController.swift in Sources */ = {isa = PBXBuildFile; fileRef = F5B5DA2F28C695C50092FD19 /* ExcercisesViewController.swift */; };
		F5B5DA3728C8B17B0092FD19 /* ExerciseTableViewCell.swift in Sources */ = {isa = PBXBuildFile; fileRef = F5B5DA3628C8B1780092FD19 /* ExerciseTableViewCell.swift */; };
		F5FFC28929757A7600979D4E /* MyPlanViewController.swift in Sources */ = {isa = PBXBuildFile; fileRef = F5FFC28829757A7600979D4E /* MyPlanViewController.swift */; };
		F5FFC28B29757B8C00979D4E /* MyPlanTableViewCell.swift in Sources */ = {isa = PBXBuildFile; fileRef = F5FFC28A29757B8C00979D4E /* MyPlanTableViewCell.swift */; };
/* End PBXBuildFile section */

/* Begin PBXFileReference section */
		F559348028BE455D0043B1CD /* My Workout App.app */ = {isa = PBXFileReference; explicitFileType = wrapper.application; includeInIndex = 0; path = "My Workout App.app"; sourceTree = BUILT_PRODUCTS_DIR; };
		F559348A28BE455D0043B1CD /* Base */ = {isa = PBXFileReference; lastKnownFileType = file.storyboard; name = Base; path = Base.lproj/Main.storyboard; sourceTree = "<group>"; };
		F559348C28BE455E0043B1CD /* Assets.xcassets */ = {isa = PBXFileReference; lastKnownFileType = folder.assetcatalog; path = Assets.xcassets; sourceTree = "<group>"; };
		F559348F28BE455E0043B1CD /* Base */ = {isa = PBXFileReference; lastKnownFileType = file.storyboard; name = Base; path = Base.lproj/LaunchScreen.storyboard; sourceTree = "<group>"; };
		F559349128BE455E0043B1CD /* Info.plist */ = {isa = PBXFileReference; lastKnownFileType = text.plist.xml; path = Info.plist; sourceTree = "<group>"; };
		F55934D628BF565F0043B1CD /* WorkoutsViewController.swift */ = {isa = PBXFileReference; lastKnownFileType = sourcecode.swift; name = WorkoutsViewController.swift; path = Controller/WorkoutsViewController.swift; sourceTree = "<group>"; };
		F56CC83F298181A3003FAC1B /* Workout.xcdatamodel */ = {isa = PBXFileReference; lastKnownFileType = wrapper.xcdatamodel; path = Workout.xcdatamodel; sourceTree = "<group>"; };
		F56CC85729843D8B003FAC1B /* DataManager.swift */ = {isa = PBXFileReference; lastKnownFileType = sourcecode.swift; name = DataManager.swift; path = Model/DataManager.swift; sourceTree = "<group>"; };
		F5B16ADB28C9FE0600536B75 /* WorkoutTableViewCell.swift */ = {isa = PBXFileReference; lastKnownFileType = sourcecode.swift; path = WorkoutTableViewCell.swift; sourceTree = "<group>"; };
		F5B16AE828CBD22700536B75 /* SceneDelegate.swift */ = {isa = PBXFileReference; fileEncoding = 4; lastKnownFileType = sourcecode.swift; name = SceneDelegate.swift; path = Delegates/SceneDelegate.swift; sourceTree = "<group>"; };
		F5B16AEA28CBD23400536B75 /* AppDelegate.swift */ = {isa = PBXFileReference; fileEncoding = 4; lastKnownFileType = sourcecode.swift; name = AppDelegate.swift; path = Delegates/AppDelegate.swift; sourceTree = "<group>"; };
		F5B16AEC28CBD27B00536B75 /* ExcerciseModel.swift */ = {isa = PBXFileReference; fileEncoding = 4; lastKnownFileType = sourcecode.swift; name = ExcerciseModel.swift; path = Model/ExcerciseModel.swift; sourceTree = "<group>"; };
		F5B16AED28CBD27B00536B75 /* WorkoutModel.swift */ = {isa = PBXFileReference; fileEncoding = 4; lastKnownFileType = sourcecode.swift; name = WorkoutModel.swift; path = Model/WorkoutModel.swift; sourceTree = "<group>"; };
		F5B16AEF28CBD27B00536B75 /* DatabaseDefaults.swift */ = {isa = PBXFileReference; fileEncoding = 4; lastKnownFileType = sourcecode.swift; name = DatabaseDefaults.swift; path = Model/DatabaseDefaults.swift; sourceTree = "<group>"; };
		F5B5DA2F28C695C50092FD19 /* ExcercisesViewController.swift */ = {isa = PBXFileReference; fileEncoding = 4; lastKnownFileType = sourcecode.swift; name = ExcercisesViewController.swift; path = Controller/ExcercisesViewController.swift; sourceTree = "<group>"; };
		F5B5DA3328C7F51C0092FD19 /* README.md */ = {isa = PBXFileReference; lastKnownFileType = net.daringfireball.markdown; path = README.md; sourceTree = "<group>"; };
		F5B5DA3628C8B1780092FD19 /* ExerciseTableViewCell.swift */ = {isa = PBXFileReference; lastKnownFileType = sourcecode.swift; path = ExerciseTableViewCell.swift; sourceTree = "<group>"; };
		F5FFC28829757A7600979D4E /* MyPlanViewController.swift */ = {isa = PBXFileReference; lastKnownFileType = sourcecode.swift; name = MyPlanViewController.swift; path = Controller/MyPlanViewController.swift; sourceTree = "<group>"; };
		F5FFC28A29757B8C00979D4E /* MyPlanTableViewCell.swift */ = {isa = PBXFileReference; lastKnownFileType = sourcecode.swift; path = MyPlanTableViewCell.swift; sourceTree = "<group>"; };
/* End PBXFileReference section */

/* Begin PBXFrameworksBuildPhase section */
		F559347D28BE455D0043B1CD /* Frameworks */ = {
			isa = PBXFrameworksBuildPhase;
			buildActionMask = 2147483647;
			files = (
			);
			runOnlyForDeploymentPostprocessing = 0;
		};
/* End PBXFrameworksBuildPhase section */

/* Begin PBXGroup section */
		F559347728BE455D0043B1CD = {
			isa = PBXGroup;
			children = (
				F5B5DA3328C7F51C0092FD19 /* README.md */,
				F559348228BE455D0043B1CD /* My Workout App */,
				F559348128BE455D0043B1CD /* Products */,
			);
			sourceTree = "<group>";
		};
		F559348128BE455D0043B1CD /* Products */ = {
			isa = PBXGroup;
			children = (
				F559348028BE455D0043B1CD /* My Workout App.app */,
			);
			name = Products;
			sourceTree = "<group>";
		};
		F559348228BE455D0043B1CD /* My Workout App */ = {
			isa = PBXGroup;
			children = (
				F5B16AE728CBD1B300536B75 /* Delegates */,
				F55934DC28BF657D0043B1CD /* Model */,
				F55934AA28BE77F50043B1CD /* View */,
				F55934DB28BF655D0043B1CD /* Controller */,
				F559348C28BE455E0043B1CD /* Assets.xcassets */,
				F559349128BE455E0043B1CD /* Info.plist */,
				F56CC83E298181A3003FAC1B /* Workout.xcdatamodeld */,
			);
			path = "My Workout App";
			sourceTree = "<group>";
		};
		F55934AA28BE77F50043B1CD /* View */ = {
			isa = PBXGroup;
			children = (
				F5B16ADB28C9FE0600536B75 /* WorkoutTableViewCell.swift */,
				F5FFC28A29757B8C00979D4E /* MyPlanTableViewCell.swift */,
				F5B5DA3628C8B1780092FD19 /* ExerciseTableViewCell.swift */,
				F559348E28BE455E0043B1CD /* LaunchScreen.storyboard */,
				F559348928BE455D0043B1CD /* Main.storyboard */,
			);
			path = View;
			sourceTree = "<group>";
		};
		F55934DB28BF655D0043B1CD /* Controller */ = {
			isa = PBXGroup;
			children = (
				F5B5DA2F28C695C50092FD19 /* ExcercisesViewController.swift */,
				F55934D628BF565F0043B1CD /* WorkoutsViewController.swift */,
				F5FFC28829757A7600979D4E /* MyPlanViewController.swift */,
			);
			name = Controller;
			sourceTree = "<group>";
		};
		F55934DC28BF657D0043B1CD /* Model */ = {
			isa = PBXGroup;
			children = (
				F5B16AEF28CBD27B00536B75 /* DatabaseDefaults.swift */,
				F5B16AEC28CBD27B00536B75 /* ExcerciseModel.swift */,
				F56CC85729843D8B003FAC1B /* DataManager.swift */,
				F5B16AED28CBD27B00536B75 /* WorkoutModel.swift */,
			);
			name = Model;
			sourceTree = "<group>";
		};
		F5B16AE728CBD1B300536B75 /* Delegates */ = {
			isa = PBXGroup;
			children = (
				F5B16AEA28CBD23400536B75 /* AppDelegate.swift */,
				F5B16AE828CBD22700536B75 /* SceneDelegate.swift */,
			);
			name = Delegates;
			sourceTree = "<group>";
		};
/* End PBXGroup section */

/* Begin PBXNativeTarget section */
		F559347F28BE455D0043B1CD /* My Workout App */ = {
			isa = PBXNativeTarget;
			buildConfigurationList = F559349428BE455E0043B1CD /* Build configuration list for PBXNativeTarget "My Workout App" */;
			buildPhases = (
				F559347C28BE455D0043B1CD /* Sources */,
				F559347D28BE455D0043B1CD /* Frameworks */,
				F559347E28BE455D0043B1CD /* Resources */,
			);
			buildRules = (
			);
			dependencies = (
			);
			name = "My Workout App";
			productName = "My Workout App";
			productReference = F559348028BE455D0043B1CD /* My Workout App.app */;
			productType = "com.apple.product-type.application";
		};
/* End PBXNativeTarget section */

/* Begin PBXProject section */
		F559347828BE455D0043B1CD /* Project object */ = {
			isa = PBXProject;
			attributes = {
				BuildIndependentTargetsInParallel = 1;
				LastSwiftUpdateCheck = 1340;
				LastUpgradeCheck = 1340;
				TargetAttributes = {
					F559347F28BE455D0043B1CD = {
						CreatedOnToolsVersion = 13.4.1;
					};
				};
			};
			buildConfigurationList = F559347B28BE455D0043B1CD /* Build configuration list for PBXProject "My Workout App" */;
			compatibilityVersion = "Xcode 13.0";
			developmentRegion = en;
			hasScannedForEncodings = 0;
			knownRegions = (
				en,
				Base,
			);
			mainGroup = F559347728BE455D0043B1CD;
			productRefGroup = F559348128BE455D0043B1CD /* Products */;
			projectDirPath = "";
			projectRoot = "";
			targets = (
				F559347F28BE455D0043B1CD /* My Workout App */,
			);
		};
/* End PBXProject section */

/* Begin PBXResourcesBuildPhase section */
		F559347E28BE455D0043B1CD /* Resources */ = {
			isa = PBXResourcesBuildPhase;
			buildActionMask = 2147483647;
			files = (
				F559349028BE455E0043B1CD /* LaunchScreen.storyboard in Resources */,
				F559348D28BE455E0043B1CD /* Assets.xcassets in Resources */,
				F559348B28BE455D0043B1CD /* Main.storyboard in Resources */,
			);
			runOnlyForDeploymentPostprocessing = 0;
		};
/* End PBXResourcesBuildPhase section */

/* Begin PBXSourcesBuildPhase section */
		F559347C28BE455D0043B1CD /* Sources */ = {
			isa = PBXSourcesBuildPhase;
			buildActionMask = 2147483647;
			files = (
				F55934DA28BF565F0043B1CD /* WorkoutsViewController.swift in Sources */,
				F5B5DA3728C8B17B0092FD19 /* ExerciseTableViewCell.swift in Sources */,
				F5B5DA3028C695C50092FD19 /* ExcercisesViewController.swift in Sources */,
				F56CC85829843D8B003FAC1B /* DataManager.swift in Sources */,
				F5B16AF028CBD27B00536B75 /* ExcerciseModel.swift in Sources */,
				F5B16AE928CBD22700536B75 /* SceneDelegate.swift in Sources */,
				F5B16AF328CBD27B00536B75 /* DatabaseDefaults.swift in Sources */,
				F5B16ADD28C9FE0600536B75 /* WorkoutTableViewCell.swift in Sources */,
				F5FFC28929757A7600979D4E /* MyPlanViewController.swift in Sources */,
				F5FFC28B29757B8C00979D4E /* MyPlanTableViewCell.swift in Sources */,
				F5B16AF128CBD27B00536B75 /* WorkoutModel.swift in Sources */,
				F5B16AEB28CBD23400536B75 /* AppDelegate.swift in Sources */,
				F56CC840298181A3003FAC1B /* Workout.xcdatamodeld in Sources */,
			);
			runOnlyForDeploymentPostprocessing = 0;
		};
/* End PBXSourcesBuildPhase section */

/* Begin PBXVariantGroup section */
		F559348928BE455D0043B1CD /* Main.storyboard */ = {
			isa = PBXVariantGroup;
			children = (
				F559348A28BE455D0043B1CD /* Base */,
			);
			name = Main.storyboard;
			sourceTree = "<group>";
		};
		F559348E28BE455E0043B1CD /* LaunchScreen.storyboard */ = {
			isa = PBXVariantGroup;
			children = (
				F559348F28BE455E0043B1CD /* Base */,
			);
			name = LaunchScreen.storyboard;
			sourceTree = "<group>";
		};
/* End PBXVariantGroup section */

/* Begin XCBuildConfiguration section */
		F559349228BE455E0043B1CD /* Debug */ = {
			isa = XCBuildConfiguration;
			buildSettings = {
				ALWAYS_SEARCH_USER_PATHS = NO;
				CLANG_ANALYZER_NONNULL = YES;
				CLANG_ANALYZER_NUMBER_OBJECT_CONVERSION = YES_AGGRESSIVE;
				CLANG_CXX_LANGUAGE_STANDARD = "gnu++17";
				CLANG_ENABLE_MODULES = YES;
				CLANG_ENABLE_OBJC_ARC = YES;
				CLANG_ENABLE_OBJC_WEAK = YES;
				CLANG_WARN_BLOCK_CAPTURE_AUTORELEASING = YES;
				CLANG_WARN_BOOL_CONVERSION = YES;
				CLANG_WARN_COMMA = YES;
				CLANG_WARN_CONSTANT_CONVERSION = YES;
				CLANG_WARN_DEPRECATED_OBJC_IMPLEMENTATIONS = YES;
				CLANG_WARN_DIRECT_OBJC_ISA_USAGE = YES_ERROR;
				CLANG_WARN_DOCUMENTATION_COMMENTS = YES;
				CLANG_WARN_EMPTY_BODY = YES;
				CLANG_WARN_ENUM_CONVERSION = YES;
				CLANG_WARN_INFINITE_RECURSION = YES;
				CLANG_WARN_INT_CONVERSION = YES;
				CLANG_WARN_NON_LITERAL_NULL_CONVERSION = YES;
				CLANG_WARN_OBJC_IMPLICIT_RETAIN_SELF = YES;
				CLANG_WARN_OBJC_LITERAL_CONVERSION = YES;
				CLANG_WARN_OBJC_ROOT_CLASS = YES_ERROR;
				CLANG_WARN_QUOTED_INCLUDE_IN_FRAMEWORK_HEADER = YES;
				CLANG_WARN_RANGE_LOOP_ANALYSIS = YES;
				CLANG_WARN_STRICT_PROTOTYPES = YES;
				CLANG_WARN_SUSPICIOUS_MOVE = YES;
				CLANG_WARN_UNGUARDED_AVAILABILITY = YES_AGGRESSIVE;
				CLANG_WARN_UNREACHABLE_CODE = YES;
				CLANG_WARN__DUPLICATE_METHOD_MATCH = YES;
				COPY_PHASE_STRIP = NO;
				DEBUG_INFORMATION_FORMAT = dwarf;
				ENABLE_STRICT_OBJC_MSGSEND = YES;
				ENABLE_TESTABILITY = YES;
				GCC_C_LANGUAGE_STANDARD = gnu11;
				GCC_DYNAMIC_NO_PIC = NO;
				GCC_NO_COMMON_BLOCKS = YES;
				GCC_OPTIMIZATION_LEVEL = 0;
				GCC_PREPROCESSOR_DEFINITIONS = (
					"DEBUG=1",
					"$(inherited)",
				);
				GCC_WARN_64_TO_32_BIT_CONVERSION = YES;
				GCC_WARN_ABOUT_RETURN_TYPE = YES_ERROR;
				GCC_WARN_UNDECLARED_SELECTOR = YES;
				GCC_WARN_UNINITIALIZED_AUTOS = YES_AGGRESSIVE;
				GCC_WARN_UNUSED_FUNCTION = YES;
				GCC_WARN_UNUSED_VARIABLE = YES;
				IPHONEOS_DEPLOYMENT_TARGET = 15.5;
				MTL_ENABLE_DEBUG_INFO = INCLUDE_SOURCE;
				MTL_FAST_MATH = YES;
				ONLY_ACTIVE_ARCH = YES;
				SDKROOT = iphoneos;
				SWIFT_ACTIVE_COMPILATION_CONDITIONS = DEBUG;
				SWIFT_OPTIMIZATION_LEVEL = "-Onone";
			};
			name = Debug;
		};
		F559349328BE455E0043B1CD /* Release */ = {
			isa = XCBuildConfiguration;
			buildSettings = {
				ALWAYS_SEARCH_USER_PATHS = NO;
				CLANG_ANALYZER_NONNULL = YES;
				CLANG_ANALYZER_NUMBER_OBJECT_CONVERSION = YES_AGGRESSIVE;
				CLANG_CXX_LANGUAGE_STANDARD = "gnu++17";
				CLANG_ENABLE_MODULES = YES;
				CLANG_ENABLE_OBJC_ARC = YES;
				CLANG_ENABLE_OBJC_WEAK = YES;
				CLANG_WARN_BLOCK_CAPTURE_AUTORELEASING = YES;
				CLANG_WARN_BOOL_CONVERSION = YES;
				CLANG_WARN_COMMA = YES;
				CLANG_WARN_CONSTANT_CONVERSION = YES;
				CLANG_WARN_DEPRECATED_OBJC_IMPLEMENTATIONS = YES;
				CLANG_WARN_DIRECT_OBJC_ISA_USAGE = YES_ERROR;
				CLANG_WARN_DOCUMENTATION_COMMENTS = YES;
				CLANG_WARN_EMPTY_BODY = YES;
				CLANG_WARN_ENUM_CONVERSION = YES;
				CLANG_WARN_INFINITE_RECURSION = YES;
				CLANG_WARN_INT_CONVERSION = YES;
				CLANG_WARN_NON_LITERAL_NULL_CONVERSION = YES;
				CLANG_WARN_OBJC_IMPLICIT_RETAIN_SELF = YES;
				CLANG_WARN_OBJC_LITERAL_CONVERSION = YES;
				CLANG_WARN_OBJC_ROOT_CLASS = YES_ERROR;
				CLANG_WARN_QUOTED_INCLUDE_IN_FRAMEWORK_HEADER = YES;
				CLANG_WARN_RANGE_LOOP_ANALYSIS = YES;
				CLANG_WARN_STRICT_PROTOTYPES = YES;
				CLANG_WARN_SUSPICIOUS_MOVE = YES;
				CLANG_WARN_UNGUARDED_AVAILABILITY = YES_AGGRESSIVE;
				CLANG_WARN_UNREACHABLE_CODE = YES;
				CLANG_WARN__DUPLICATE_METHOD_MATCH = YES;
				COPY_PHASE_STRIP = NO;
				DEBUG_INFORMATION_FORMAT = "dwarf-with-dsym";
				ENABLE_NS_ASSERTIONS = NO;
				ENABLE_STRICT_OBJC_MSGSEND = YES;
				GCC_C_LANGUAGE_STANDARD = gnu11;
				GCC_NO_COMMON_BLOCKS = YES;
				GCC_WARN_64_TO_32_BIT_CONVERSION = YES;
				GCC_WARN_ABOUT_RETURN_TYPE = YES_ERROR;
				GCC_WARN_UNDECLARED_SELECTOR = YES;
				GCC_WARN_UNINITIALIZED_AUTOS = YES_AGGRESSIVE;
				GCC_WARN_UNUSED_FUNCTION = YES;
				GCC_WARN_UNUSED_VARIABLE = YES;
				IPHONEOS_DEPLOYMENT_TARGET = 15.5;
				MTL_ENABLE_DEBUG_INFO = NO;
				MTL_FAST_MATH = YES;
				SDKROOT = iphoneos;
				SWIFT_COMPILATION_MODE = wholemodule;
				SWIFT_OPTIMIZATION_LEVEL = "-O";
				VALIDATE_PRODUCT = YES;
			};
			name = Release;
		};
		F559349528BE455E0043B1CD /* Debug */ = {
			isa = XCBuildConfiguration;
			buildSettings = {
				ASSETCATALOG_COMPILER_APPICON_NAME = AppIcon;
				ASSETCATALOG_COMPILER_GLOBAL_ACCENT_COLOR_NAME = AccentColor;
				CODE_SIGN_STYLE = Automatic;
				CURRENT_PROJECT_VERSION = 1;
				DEVELOPMENT_TEAM = A34GH6Z753;
				GENERATE_INFOPLIST_FILE = YES;
				INFOPLIST_FILE = "My Workout App/Info.plist";
				INFOPLIST_KEY_UIApplicationSupportsIndirectInputEvents = YES;
				INFOPLIST_KEY_UILaunchStoryboardName = LaunchScreen;
				INFOPLIST_KEY_UIMainStoryboardFile = Main;
				INFOPLIST_KEY_UISupportedInterfaceOrientations_iPad = "UIInterfaceOrientationPortrait UIInterfaceOrientationPortraitUpsideDown UIInterfaceOrientationLandscapeLeft UIInterfaceOrientationLandscapeRight";
				INFOPLIST_KEY_UISupportedInterfaceOrientations_iPhone = "UIInterfaceOrientationPortrait UIInterfaceOrientationLandscapeLeft UIInterfaceOrientationLandscapeRight";
				IPHONEOS_DEPLOYMENT_TARGET = 15.5;
				LD_RUNPATH_SEARCH_PATHS = (
					"$(inherited)",
					"@executable_path/Frameworks",
				);
				MARKETING_VERSION = 1.0;
				PRODUCT_BUNDLE_IDENTIFIER = "com.kamilcaglar.My-Workout-App";
				PRODUCT_NAME = "$(TARGET_NAME)";
				SWIFT_EMIT_LOC_STRINGS = YES;
				SWIFT_VERSION = 5.0;
				TARGETED_DEVICE_FAMILY = "1,2";
			};
			name = Debug;
		};
		F559349628BE455E0043B1CD /* Release */ = {
			isa = XCBuildConfiguration;
			buildSettings = {
				ASSETCATALOG_COMPILER_APPICON_NAME = AppIcon;
				ASSETCATALOG_COMPILER_GLOBAL_ACCENT_COLOR_NAME = AccentColor;
				CODE_SIGN_STYLE = Automatic;
				CURRENT_PROJECT_VERSION = 1;
				DEVELOPMENT_TEAM = A34GH6Z753;
				GENERATE_INFOPLIST_FILE = YES;
				INFOPLIST_FILE = "My Workout App/Info.plist";
				INFOPLIST_KEY_UIApplicationSupportsIndirectInputEvents = YES;
				INFOPLIST_KEY_UILaunchStoryboardName = LaunchScreen;
				INFOPLIST_KEY_UIMainStoryboardFile = Main;
				INFOPLIST_KEY_UISupportedInterfaceOrientations_iPad = "UIInterfaceOrientationPortrait UIInterfaceOrientationPortraitUpsideDown UIInterfaceOrientationLandscapeLeft UIInterfaceOrientationLandscapeRight";
				INFOPLIST_KEY_UISupportedInterfaceOrientations_iPhone = "UIInterfaceOrientationPortrait UIInterfaceOrientationLandscapeLeft UIInterfaceOrientationLandscapeRight";
				IPHONEOS_DEPLOYMENT_TARGET = 15.5;
				LD_RUNPATH_SEARCH_PATHS = (
					"$(inherited)",
					"@executable_path/Frameworks",
				);
				MARKETING_VERSION = 1.0;
				PRODUCT_BUNDLE_IDENTIFIER = "com.kamilcaglar.My-Workout-App";
				PRODUCT_NAME = "$(TARGET_NAME)";
				SWIFT_EMIT_LOC_STRINGS = YES;
				SWIFT_VERSION = 5.0;
				TARGETED_DEVICE_FAMILY = "1,2";
			};
			name = Release;
		};
/* End XCBuildConfiguration section */

/* Begin XCConfigurationList section */
		F559347B28BE455D0043B1CD /* Build configuration list for PBXProject "My Workout App" */ = {
			isa = XCConfigurationList;
			buildConfigurations = (
				F559349228BE455E0043B1CD /* Debug */,
				F559349328BE455E0043B1CD /* Release */,
			);
			defaultConfigurationIsVisible = 0;
			defaultConfigurationName = Release;
		};
		F559349428BE455E0043B1CD /* Build configuration list for PBXNativeTarget "My Workout App" */ = {
			isa = XCConfigurationList;
			buildConfigurations = (
				F559349528BE455E0043B1CD /* Debug */,
				F559349628BE455E0043B1CD /* Release */,
			);
			defaultConfigurationIsVisible = 0;
			defaultConfigurationName = Release;
		};
/* End XCConfigurationList section */

/* Begin XCVersionGroup section */
		F56CC83E298181A3003FAC1B /* Workout.xcdatamodeld */ = {
			isa = XCVersionGroup;
			children = (
				F56CC83F298181A3003FAC1B /* Workout.xcdatamodel */,
			);
			currentVersion = F56CC83F298181A3003FAC1B /* Workout.xcdatamodel */;
			path = Workout.xcdatamodeld;
			sourceTree = "<group>";
			versionGroupType = wrapper.xcdatamodel;
		};
/* End XCVersionGroup section */
	};
	rootObject = F559347828BE455D0043B1CD /* Project object */;
}
